
Microsoft Visual Studio Solution File, Format Version 12.00
# Visual Studio Version 16
VisualStudioVersion = 25.0.1705.2
MinimumVisualStudioVersion = 10.0.40219.1
Project("{FAE04EC0-301F-11D3-BF4B-00C04F79EFBC}") = "Istat.UnitaTerritoriali", "Istat.UnitaTerritoriali\Istat.UnitaTerritoriali.csproj", "{245C2E0D-F147-4F36-8E65-3074EE696A5E}"
EndProject
Project("{FAE04EC0-301F-11D3-BF4B-00C04F79EFBC}") = "Istat.UnitaTerritoriali.Entities", "Istat.UnitaTerritoriali.Entities\Istat.UnitaTerritoriali.Entities.csproj", "{EDB83EC2-6949-4738-8A0A-5A2511ADB44C}"
EndProject
Project("{2150E333-8FDC-42A3-9474-1A3956D46DE8}") = "Elementi della soluzione", "Elementi della soluzione", "{9E4BDE97-2F45-4C85-A6AB-5CD115C6313F}"
	ProjectSection(SolutionItems) = preProject
		.editorconfig = .editorconfig
	EndProjectSection
EndProject
Global
	GlobalSection(SolutionConfigurationPlatforms) = preSolution
		Debug|Any CPU = Debug|Any CPU
		Release|Any CPU = Release|Any CPU
	EndGlobalSection
	GlobalSection(ProjectConfigurationPlatforms) = postSolution
		{245C2E0D-F147-4F36-8E65-3074EE696A5E}.Debug|Any CPU.ActiveCfg = Debug|Any CPU
		{245C2E0D-F147-4F36-8E65-3074EE696A5E}.Debug|Any CPU.Build.0 = Debug|Any CPU
		{245C2E0D-F147-4F36-8E65-3074EE696A5E}.Release|Any CPU.ActiveCfg = Release|Any CPU
		{245C2E0D-F147-4F36-8E65-3074EE696A5E}.Release|Any CPU.Build.0 = Release|Any CPU
		{EDB83EC2-6949-4738-8A0A-5A2511ADB44C}.Debug|Any CPU.ActiveCfg = Debug|Any CPU
		{EDB83EC2-6949-4738-8A0A-5A2511ADB44C}.Debug|Any CPU.Build.0 = Debug|Any CPU
		{EDB83EC2-6949-4738-8A0A-5A2511ADB44C}.Release|Any CPU.ActiveCfg = Release|Any CPU
		{EDB83EC2-6949-4738-8A0A-5A2511ADB44C}.Release|Any CPU.Build.0 = Release|Any CPU
	EndGlobalSection
	GlobalSection(SolutionProperties) = preSolution
		HideSolutionNode = FALSE
	EndGlobalSection
	GlobalSection(ExtensibilityGlobals) = postSolution
		SolutionGuid = {A707871C-7D96-4A88-A3B3-FC3D9F3F7531}
	EndGlobalSection
EndGlobal
